<?xml version="1.0" encoding="utf-8"?>
<Project ToolsVersion="4.0" xmlns="http://schemas.microsoft.com/developer/msbuild/2003">
  <ItemGroup>
    <Filter Include="Arquivos de Origem">
      <UniqueIdentifier>{4FC737F1-C7A5-4376-A066-2A32D752A2FF}</UniqueIdentifier>
      <Extensions>cpp;c;cc;cxx;c++;cppm;ixx;def;odl;idl;hpj;bat;asm;asmx</Extensions>
    </Filter>
    <Filter Include="Arquivos de Cabeçalho">
      <UniqueIdentifier>{93995380-89BD-4b04-88EB-625FBE52EBFB}</UniqueIdentifier>
      <Extensions>h;hh;hpp;hxx;h++;hm;inl;inc;ipp;xsd</Extensions>
    </Filter>
    <Filter Include="Arquivos de Recurso">
      <UniqueIdentifier>{67DA6AB6-F800-4c08-8B7A-83BB121AAD01}</UniqueIdentifier>
      <Extensions>rc;ico;cur;bmp;dlg;rc2;rct;bin;rgs;gif;jpg;jpeg;jpe;resx;tiff;tif;png;wav;mfcribbon-ms</Extensions>
    </Filter>
  </ItemGroup>
  <ItemGroup>
    <ClCompile Include="main.c">
      <Filter>Arquivos de Origem</Filter>
    </ClCompile>
    <ClCompile Include="..\..\..\Desktop\guardioes-da-imunidade\src\core\game.c">
      <Filter>Arquivos de Origem</Filter>
    </ClCompile>
    <ClCompile Include="..\..\..\Desktop\guardioes-da-imunidade\src\core\init.c">
      <Filter>Arquivos de Origem</Filter>
    </ClCompile>
    <ClCompile Include="..\..\..\Desktop\guardioes-da-imunidade\src\entities\player\player-entity.c">
      <Filter>Arquivos de Origem</Filter>
    </ClCompile>
    <ClCompile Include="..\..\..\Desktop\guardioes-da-imunidade\src\screens\base\config.c">
      <Filter>Arquivos de Origem</Filter>
    </ClCompile>
    <ClCompile Include="..\..\..\Desktop\guardioes-da-imunidade\src\screens\base\menu.c">
      <Filter>Arquivos de Origem</Filter>
    </ClCompile>
    <ClCompile Include="..\..\..\Desktop\guardioes-da-imunidade\src\screens\endless_mode_screen\endless_mode_screen.c">
      <Filter>Arquivos de Origem</Filter>
    </ClCompile>
    <ClCompile Include="..\..\..\Desktop\guardioes-da-imunidade\src\screens\game_screen\game_screen.c">
      <Filter>Arquivos de Origem</Filter>
    </ClCompile>
    <ClCompile Include="..\..\..\Desktop\guardioes-da-imunidade\src\screens\lobby_screen\lobby_screen.c">
      <Filter>Arquivos de Origem</Filter>
    </ClCompile>
    <ClCompile Include="..\..\..\Desktop\guardioes-da-imunidade\src\screens\stage_screen\stage_screen.c">
      <Filter>Arquivos de Origem</Filter>
    </ClCompile>
    <ClCompile Include="..\..\..\Desktop\guardioes-da-imunidade\src\systems\global_audio.c">
      <Filter>Arquivos de Origem</Filter>
    </ClCompile>
    <ClCompile Include="..\..\..\Desktop\guardioes-da-imunidade\src\systems\music.c">
      <Filter>Arquivos de Origem</Filter>
    </ClCompile>
    <ClCompile Include="..\..\..\Desktop\guardioes-da-imunidade\src\systems\resource.c">
      <Filter>Arquivos de Origem</Filter>
    </ClCompile>
    <ClCompile Include="..\..\..\Desktop\guardioes-da-imunidade\src\systems\sound_effect.c">
      <Filter>Arquivos de Origem</Filter>
    </ClCompile>
    <ClCompile Include="..\..\..\Desktop\guardioes-da-imunidade\main.c">
      <Filter>Arquivos de Origem</Filter>
    </ClCompile>
  </ItemGroup>
  <ItemGroup>
    <None Include="packages.config" />
    <None Include="..\..\..\Desktop\guardioes-da-imunidade\.clang-format" />
    <None Include="..\..\..\Desktop\guardioes-da-imunidade\.editorconfig" />
    <None Include="..\..\..\Desktop\guardioes-da-imunidade\.gitignore" />
    <None Include="..\..\..\Desktop\guardioes-da-imunidade\Makefile" />
    <None Include="..\..\..\Desktop\guardioes-da-imunidade\README.md" />
    <None Include="..\..\..\Desktop\guardioes-da-imunidade\watch.sh" />
  </ItemGroup>
  <ItemGroup>
    <ClInclude Include="..\..\..\Desktop\guardioes-da-imunidade\src\core\game.h">
      <Filter>Arquivos de Cabeçalho</Filter>
    </ClInclude>
    <ClInclude Include="..\..\..\Desktop\guardioes-da-imunidade\src\core\init.h">
      <Filter>Arquivos de Cabeçalho</Filter>
    </ClInclude>
    <ClInclude Include="..\..\..\Desktop\guardioes-da-imunidade\src\entities\player\player-entity.h">
      <Filter>Arquivos de Cabeçalho</Filter>
    </ClInclude>
    <ClInclude Include="..\..\..\Desktop\guardioes-da-imunidade\src\screens\base\config.h">
      <Filter>Arquivos de Cabeçalho</Filter>
    </ClInclude>
    <ClInclude Include="..\..\..\Desktop\guardioes-da-imunidade\src\screens\base\menu.h">
      <Filter>Arquivos de Cabeçalho</Filter>
    </ClInclude>
    <ClInclude Include="..\..\..\Desktop\guardioes-da-imunidade\src\screens\endless_mode_screen\endless_mode_screen.h">
      <Filter>Arquivos de Cabeçalho</Filter>
    </ClInclude>
    <ClInclude Include="..\..\..\Desktop\guardioes-da-imunidade\src\screens\game_screen\game_screen.h">
      <Filter>Arquivos de Cabeçalho</Filter>
    </ClInclude>
    <ClInclude Include="..\..\..\Desktop\guardioes-da-imunidade\src\screens\lobby_screen\lobby_screen.h">
      <Filter>Arquivos de Cabeçalho</Filter>
    </ClInclude>
    <ClInclude Include="..\..\..\Desktop\guardioes-da-imunidade\src\screens\screen.h">
      <Filter>Arquivos de Cabeçalho</Filter>
    </ClInclude>
    <ClInclude Include="..\..\..\Desktop\guardioes-da-imunidade\src\screens\stage_screen\stage_screen.h">
      <Filter>Arquivos de Cabeçalho</Filter>
    </ClInclude>
    <ClInclude Include="..\..\..\Desktop\guardioes-da-imunidade\src\systems\global_audio.h">
      <Filter>Arquivos de Cabeçalho</Filter>
    </ClInclude>
    <ClInclude Include="..\..\..\Desktop\guardioes-da-imunidade\src\systems\music.h">
      <Filter>Arquivos de Cabeçalho</Filter>
    </ClInclude>
    <ClInclude Include="..\..\..\Desktop\guardioes-da-imunidade\src\systems\resource.h">
      <Filter>Arquivos de Cabeçalho</Filter>
    </ClInclude>
    <ClInclude Include="..\..\..\Desktop\guardioes-da-imunidade\src\systems\sound_effect.h">
      <Filter>Arquivos de Cabeçalho</Filter>
    </ClInclude>
  </ItemGroup>
</Project>
